
Microsoft Visual Studio Solution File, Format Version 12.00
# Visual Studio Version 17
VisualStudioVersion = 17.14.36623.8 d17.14
MinimumVisualStudioVersion = 10.0.40219.1
Project("{FAE04EC0-301F-11D3-BF4B-00C04F79EFBC}") = "cassidoo-2025-12-15", "cassidoo-2025-12-15.csproj", "{AFE1FFAA-BDFE-4D25-A54E-15F7D791DEDB}"
EndProject
Global
	GlobalSection(SolutionConfigurationPlatforms) = preSolution
		Debug|Any CPU = Debug|Any CPU
		Release|Any CPU = Release|Any CPU
	EndGlobalSection
	GlobalSection(ProjectConfigurationPlatforms) = postSolution
		{AFE1FFAA-BDFE-4D25-A54E-15F7D791DEDB}.Debug|Any CPU.ActiveCfg = Debug|Any CPU
		{AFE1FFAA-BDFE-4D25-A54E-15F7D791DEDB}.Debug|Any CPU.Build.0 = Debug|Any CPU
		{AFE1FFAA-BDFE-4D25-A54E-15F7D791DEDB}.Release|Any CPU.ActiveCfg = Release|Any CPU
		{AFE1FFAA-BDFE-4D25-A54E-15F7D791DEDB}.Release|Any CPU.Build.0 = Release|Any CPU
	EndGlobalSection
	GlobalSection(SolutionProperties) = preSolution
		HideSolutionNode = FALSE
	EndGlobalSection
	GlobalSection(ExtensibilityGlobals) = postSolution
		SolutionGuid = {6D59BB22-FA1E-4A0F-A518-B679C9BFAD0F}
	EndGlobalSection
EndGlobal
